
Microsoft Visual Studio Solution File, Format Version 12.00
# Visual Studio 15
VisualStudioVersion = 15.0.28307.1758
MinimumVisualStudioVersion = 10.0.40219.1
Project("{FAE04EC0-301F-11D3-BF4B-00C04F79EFBC}") = "WebApplication1", "WebApplication1\WebApplication1.csproj", "{1C1CD539-75FE-42FF-98B4-5CE6F9675168}"
EndProject
Global
	GlobalSection(SolutionConfigurationPlatforms) = preSolution
		Debug|Any CPU = Debug|Any CPU
		Release|Any CPU = Release|Any CPU
	EndGlobalSection
	GlobalSection(ProjectConfigurationPlatforms) = postSolution
		{1C1CD539-75FE-42FF-98B4-5CE6F9675168}.Debug|Any CPU.ActiveCfg = Debug|Any CPU
		{1C1CD539-75FE-42FF-98B4-5CE6F9675168}.Debug|Any CPU.Build.0 = Debug|Any CPU
		{1C1CD539-75FE-42FF-98B4-5CE6F9675168}.Release|Any CPU.ActiveCfg = Release|Any CPU
		{1C1CD539-75FE-42FF-98B4-5CE6F9675168}.Release|Any CPU.Build.0 = Release|Any CPU
	EndGlobalSection
	GlobalSection(SolutionProperties) = preSolution
		HideSolutionNode = FALSE
	EndGlobalSection
	GlobalSection(ExtensibilityGlobals) = postSolution
		SolutionGuid = {D01F0B54-4DA2-408B-9FC8-F667BB6E6DDC}
	EndGlobalSection
EndGlobal
